Microsoft Visual Studio Solution File, Format Version 12.00
# Visual Studio 2012
Project("{FAE04EC0-301F-11D3-BF4B-00C04F79EFBC}") = "GodotHFSM-Samples", "GodotHFSM-Samples.csproj", "{706FA248-CBDF-47E4-9378-F2793DFEB069}"
EndProject
Global
	GlobalSection(SolutionConfigurationPlatforms) = preSolution
	Debug|Any CPU = Debug|Any CPU
	ExportDebug|Any CPU = ExportDebug|Any CPU
	ExportRelease|Any CPU = ExportRelease|Any CPU
	EndGlobalSection
	GlobalSection(ProjectConfigurationPlatforms) = postSolution
		{706FA248-CBDF-47E4-9378-F2793DFEB069}.Debug|Any CPU.ActiveCfg = Debug|Any CPU
		{706FA248-CBDF-47E4-9378-F2793DFEB069}.Debug|Any CPU.Build.0 = Debug|Any CPU
		{706FA248-CBDF-47E4-9378-F2793DFEB069}.ExportDebug|Any CPU.ActiveCfg = ExportDebug|Any CPU
		{706FA248-CBDF-47E4-9378-F2793DFEB069}.ExportDebug|Any CPU.Build.0 = ExportDebug|Any CPU
		{706FA248-CBDF-47E4-9378-F2793DFEB069}.ExportRelease|Any CPU.ActiveCfg = ExportRelease|Any CPU
		{706FA248-CBDF-47E4-9378-F2793DFEB069}.ExportRelease|Any CPU.Build.0 = ExportRelease|Any CPU
	EndGlobalSection
EndGlobal
